
Microsoft Visual Studio Solution File, Format Version 12.00
# Visual Studio Version 17
VisualStudioVersion = 17.14.36414.22 d17.14
MinimumVisualStudioVersion = 10.0.40219.1
Project("{FAE04EC0-301F-11D3-BF4B-00C04F79EFBC}") = "FormasGeometricasJordi", "FormasGeometricasJordi\FormasGeometricasJordi.csproj", "{74C1AC81-EB41-4E83-800D-558E5094C4DA}"
EndProject
Global
	GlobalSection(SolutionConfigurationPlatforms) = preSolution
		Debug|Any CPU = Debug|Any CPU
		Release|Any CPU = Release|Any CPU
	EndGlobalSection
	GlobalSection(ProjectConfigurationPlatforms) = postSolution
		{74C1AC81-EB41-4E83-800D-558E5094C4DA}.Debug|Any CPU.ActiveCfg = Debug|Any CPU
		{74C1AC81-EB41-4E83-800D-558E5094C4DA}.Debug|Any CPU.Build.0 = Debug|Any CPU
		{74C1AC81-EB41-4E83-800D-558E5094C4DA}.Release|Any CPU.ActiveCfg = Release|Any CPU
		{74C1AC81-EB41-4E83-800D-558E5094C4DA}.Release|Any CPU.Build.0 = Release|Any CPU
	EndGlobalSection
	GlobalSection(SolutionProperties) = preSolution
		HideSolutionNode = FALSE
	EndGlobalSection
	GlobalSection(ExtensibilityGlobals) = postSolution
		SolutionGuid = {BF99A5B8-F26B-465A-9C65-3368E52BFDDD}
	EndGlobalSection
EndGlobal
